// !$*UTF8*$!
{
	archiveVersion = 1;
	classes = {
	};
	objectVersion = 56;
	objects = {

/* Begin PBXBuildFile section */
		3C7274EE295AF37E008FD067 /* AppDelegate.swift in Sources */ = {isa = PBXBuildFile; fileRef = 3C7274ED295AF37E008FD067 /* AppDelegate.swift */; };
		3C7274F0295AF37E008FD067 /* SceneDelegate.swift in Sources */ = {isa = PBXBuildFile; fileRef = 3C7274EF295AF37E008FD067 /* SceneDelegate.swift */; };
		3C7274F2295AF37E008FD067 /* ViewController.swift in Sources */ = {isa = PBXBuildFile; fileRef = 3C7274F1295AF37E008FD067 /* ViewController.swift */; };
		3C7274F5295AF37E008FD067 /* Main.storyboard in Resources */ = {isa = PBXBuildFile; fileRef = 3C7274F3295AF37E008FD067 /* Main.storyboard */; };
		3C7274F7295AF37E008FD067 /* Assets.xcassets in Resources */ = {isa = PBXBuildFile; fileRef = 3C7274F6295AF37E008FD067 /* Assets.xcassets */; };
		3C7274FA295AF37E008FD067 /* LaunchScreen.storyboard in Resources */ = {isa = PBXBuildFile; fileRef = 3C7274F8295AF37E008FD067 /* LaunchScreen.storyboard */; };
		3C727504295AF3AF008FD067 /* LogInViewController.swift in Sources */ = {isa = PBXBuildFile; fileRef = 3C727503295AF3AF008FD067 /* LogInViewController.swift */; };
		3C727506295AF3BA008FD067 /* SignUpViewController.swift in Sources */ = {isa = PBXBuildFile; fileRef = 3C727505295AF3BA008FD067 /* SignUpViewController.swift */; };
		3C727508295AF3C4008FD067 /* HomeViewController.swift in Sources */ = {isa = PBXBuildFile; fileRef = 3C727507295AF3C4008FD067 /* HomeViewController.swift */; };
		3C72750B295AF78D008FD067 /* Utilities.swift in Sources */ = {isa = PBXBuildFile; fileRef = 3C72750A295AF78D008FD067 /* Utilities.swift */; };
/* End PBXBuildFile section */

/* Begin PBXFileReference section */
		3C7274EA295AF37E008FD067 /* SportSorts.app */ = {isa = PBXFileReference; explicitFileType = wrapper.application; includeInIndex = 0; path = SportSorts.app; sourceTree = BUILT_PRODUCTS_DIR; };
		3C7274ED295AF37E008FD067 /* AppDelegate.swift */ = {isa = PBXFileReference; lastKnownFileType = sourcecode.swift; path = AppDelegate.swift; sourceTree = "<group>"; };
		3C7274EF295AF37E008FD067 /* SceneDelegate.swift */ = {isa = PBXFileReference; lastKnownFileType = sourcecode.swift; path = SceneDelegate.swift; sourceTree = "<group>"; };
		3C7274F1295AF37E008FD067 /* ViewController.swift */ = {isa = PBXFileReference; lastKnownFileType = sourcecode.swift; path = ViewController.swift; sourceTree = "<group>"; };
		3C7274F4295AF37E008FD067 /* Base */ = {isa = PBXFileReference; lastKnownFileType = file.storyboard; name = Base; path = Base.lproj/Main.storyboard; sourceTree = "<group>"; };
		3C7274F6295AF37E008FD067 /* Assets.xcassets */ = {isa = PBXFileReference; lastKnownFileType = folder.assetcatalog; path = Assets.xcassets; sourceTree = "<group>"; };
		3C7274F9295AF37E008FD067 /* Base */ = {isa = PBXFileReference; lastKnownFileType = file.storyboard; name = Base; path = Base.lproj/LaunchScreen.storyboard; sourceTree = "<group>"; };
		3C7274FB295AF37E008FD067 /* Info.plist */ = {isa = PBXFileReference; lastKnownFileType = text.plist.xml; path = Info.plist; sourceTree = "<group>"; };
		3C727503295AF3AF008FD067 /* LogInViewController.swift */ = {isa = PBXFileReference; lastKnownFileType = sourcecode.swift; path = LogInViewController.swift; sourceTree = "<group>"; };
		3C727505295AF3BA008FD067 /* SignUpViewController.swift */ = {isa = PBXFileReference; lastKnownFileType = sourcecode.swift; path = SignUpViewController.swift; sourceTree = "<group>"; };
		3C727507295AF3C4008FD067 /* HomeViewController.swift */ = {isa = PBXFileReference; lastKnownFileType = sourcecode.swift; path = HomeViewController.swift; sourceTree = "<group>"; };
		3C72750A295AF78D008FD067 /* Utilities.swift */ = {isa = PBXFileReference; fileEncoding = 4; lastKnownFileType = sourcecode.swift; path = Utilities.swift; sourceTree = "<group>"; };
/* End PBXFileReference section */

/* Begin PBXFrameworksBuildPhase section */
		3C7274E7295AF37E008FD067 /* Frameworks */ = {
			isa = PBXFrameworksBuildPhase;
			buildActionMask = 2147483647;
			files = (
			);
			runOnlyForDeploymentPostprocessing = 0;
		};
/* End PBXFrameworksBuildPhase section */

/* Begin PBXGroup section */
		3C7274E1295AF37D008FD067 = {
			isa = PBXGroup;
			children = (
				3C7274EC295AF37E008FD067 /* SportSorts */,
				3C7274EB295AF37E008FD067 /* Products */,
			);
			sourceTree = "<group>";
		};
		3C7274EB295AF37E008FD067 /* Products */ = {
			isa = PBXGroup;
			children = (
				3C7274EA295AF37E008FD067 /* SportSorts.app */,
			);
			name = Products;
			sourceTree = "<group>";
		};
		3C7274EC295AF37E008FD067 /* SportSorts */ = {
			isa = PBXGroup;
			children = (
				3C727509295AF77E008FD067 /* Helpers */,
				3C727502295AF396008FD067 /* View Controllers */,
				3C7274ED295AF37E008FD067 /* AppDelegate.swift */,
				3C7274EF295AF37E008FD067 /* SceneDelegate.swift */,
				3C7274F3295AF37E008FD067 /* Main.storyboard */,
				3C7274F6295AF37E008FD067 /* Assets.xcassets */,
				3C7274F8295AF37E008FD067 /* LaunchScreen.storyboard */,
				3C7274FB295AF37E008FD067 /* Info.plist */,
			);
			path = SportSorts;
			sourceTree = "<group>";
		};
		3C727502295AF396008FD067 /* View Controllers */ = {
			isa = PBXGroup;
			children = (
				3C7274F1295AF37E008FD067 /* ViewController.swift */,
				3C727503295AF3AF008FD067 /* LogInViewController.swift */,
				3C727505295AF3BA008FD067 /* SignUpViewController.swift */,
				3C727507295AF3C4008FD067 /* HomeViewController.swift */,
			);
			path = "View Controllers";
			sourceTree = "<group>";
		};
		3C727509295AF77E008FD067 /* Helpers */ = {
			isa = PBXGroup;
			children = (
				3C72750A295AF78D008FD067 /* Utilities.swift */,
			);
			path = Helpers;
			sourceTree = "<group>";
		};
/* End PBXGroup section */

/* Begin PBXNativeTarget section */
		3C7274E9295AF37E008FD067 /* SportSorts */ = {
			isa = PBXNativeTarget;
			buildConfigurationList = 3C7274FE295AF37E008FD067 /* Build configuration list for PBXNativeTarget "SportSorts" */;
			buildPhases = (
				3C7274E6295AF37E008FD067 /* Sources */,
				3C7274E7295AF37E008FD067 /* Frameworks */,
				3C7274E8295AF37E008FD067 /* Resources */,
			);
			buildRules = (
			);
			dependencies = (
			);
			name = SportSorts;
			productName = SportSorts;
			productReference = 3C7274EA295AF37E008FD067 /* SportSorts.app */;
			productType = "com.apple.product-type.application";
		};
/* End PBXNativeTarget section */

/* Begin PBXProject section */
		3C7274E2295AF37D008FD067 /* Project object */ = {
			isa = PBXProject;
			attributes = {
				BuildIndependentTargetsInParallel = 1;
				LastSwiftUpdateCheck = 1420;
				LastUpgradeCheck = 1420;
				TargetAttributes = {
					3C7274E9295AF37E008FD067 = {
						CreatedOnToolsVersion = 14.2;
					};
				};
			};
			buildConfigurationList = 3C7274E5295AF37D008FD067 /* Build configuration list for PBXProject "SportSorts" */;
			compatibilityVersion = "Xcode 14.0";
			developmentRegion = en;
			hasScannedForEncodings = 0;
			knownRegions = (
				en,
				Base,
			);
			mainGroup = 3C7274E1295AF37D008FD067;
			productRefGroup = 3C7274EB295AF37E008FD067 /* Products */;
			projectDirPath = "";
			projectRoot = "";
			targets = (
				3C7274E9295AF37E008FD067 /* SportSorts */,
			);
		};
/* End PBXProject section */

/* Begin PBXResourcesBuildPhase section */
		3C7274E8295AF37E008FD067 /* Resources */ = {
			isa = PBXResourcesBuildPhase;
			buildActionMask = 2147483647;
			files = (
				3C7274FA295AF37E008FD067 /* LaunchScreen.storyboard in Resources */,
				3C7274F7295AF37E008FD067 /* Assets.xcassets in Resources */,
				3C7274F5295AF37E008FD067 /* Main.storyboard in Resources */,
			);
			runOnlyForDeploymentPostprocessing = 0;
		};
/* End PBXResourcesBuildPhase section */

/* Begin PBXSourcesBuildPhase section */
		3C7274E6295AF37E008FD067 /* Sources */ = {
			isa = PBXSourcesBuildPhase;
			buildActionMask = 2147483647;
			files = (
				3C727504295AF3AF008FD067 /* LogInViewController.swift in Sources */,
				3C7274F2295AF37E008FD067 /* ViewController.swift in Sources */,
				3C72750B295AF78D008FD067 /* Utilities.swift in Sources */,
				3C7274EE295AF37E008FD067 /* AppDelegate.swift in Sources */,
				3C7274F0295AF37E008FD067 /* SceneDelegate.swift in Sources */,
				3C727506295AF3BA008FD067 /* SignUpViewController.swift in Sources */,
				3C727508295AF3C4008FD067 /* HomeViewController.swift in Sources */,
			);
			runOnlyForDeploymentPostprocessing = 0;
		};
/* End PBXSourcesBuildPhase section */

/* Begin PBXVariantGroup section */
		3C7274F3295AF37E008FD067 /* Main.storyboard */ = {
			isa = PBXVariantGroup;
			children = (
				3C7274F4295AF37E008FD067 /* Base */,
			);
			name = Main.storyboard;
			sourceTree = "<group>";
		};
		3C7274F8295AF37E008FD067 /* LaunchScreen.storyboard */ = {
			isa = PBXVariantGroup;
			children = (
				3C7274F9295AF37E008FD067 /* Base */,
			);
			name = LaunchScreen.storyboard;
			sourceTree = "<group>";
		};
/* End PBXVariantGroup section */

/* Begin XCBuildConfiguration section */
		3C7274FC295AF37E008FD067 /* Debug */ = {
			isa = XCBuildConfiguration;
			buildSettings = {
				ALWAYS_SEARCH_USER_PATHS = NO;
				CLANG_ANALYZER_NONNULL = YES;
				CLANG_ANALYZER_NUMBER_OBJECT_CONVERSION = YES_AGGRESSIVE;
				CLANG_CXX_LANGUAGE_STANDARD = "gnu++20";
				CLANG_ENABLE_MODULES = YES;
				CLANG_ENABLE_OBJC_ARC = YES;
				CLANG_ENABLE_OBJC_WEAK = YES;
				CLANG_WARN_BLOCK_CAPTURE_AUTORELEASING = YES;
				CLANG_WARN_BOOL_CONVERSION = YES;
				CLANG_WARN_COMMA = YES;
				CLANG_WARN_CONSTANT_CONVERSION = YES;
				CLANG_WARN_DEPRECATED_OBJC_IMPLEMENTATIONS = YES;
				CLANG_WARN_DIRECT_OBJC_ISA_USAGE = YES_ERROR;
				CLANG_WARN_DOCUMENTATION_COMMENTS = YES;
				CLANG_WARN_EMPTY_BODY = YES;
				CLANG_WARN_ENUM_CONVERSION = YES;
				CLANG_WARN_INFINITE_RECURSION = YES;
				CLANG_WARN_INT_CONVERSION = YES;
				CLANG_WARN_NON_LITERAL_NULL_CONVERSION = YES;
				CLANG_WARN_OBJC_IMPLICIT_RETAIN_SELF = YES;
				CLANG_WARN_OBJC_LITERAL_CONVERSION = YES;
				CLANG_WARN_OBJC_ROOT_CLASS = YES_ERROR;
				CLANG_WARN_QUOTED_INCLUDE_IN_FRAMEWORK_HEADER = YES;
				CLANG_WARN_RANGE_LOOP_ANALYSIS = YES;
				CLANG_WARN_STRICT_PROTOTYPES = YES;
				CLANG_WARN_SUSPICIOUS_MOVE = YES;
				CLANG_WARN_UNGUARDED_AVAILABILITY = YES_AGGRESSIVE;
				CLANG_WARN_UNREACHABLE_CODE = YES;
				CLANG_WARN__DUPLICATE_METHOD_MATCH = YES;
				COPY_PHASE_STRIP = NO;
				DEBUG_INFORMATION_FORMAT = dwarf;
				ENABLE_STRICT_OBJC_MSGSEND = YES;
				ENABLE_TESTABILITY = YES;
				GCC_C_LANGUAGE_STANDARD = gnu11;
				GCC_DYNAMIC_NO_PIC = NO;
				GCC_NO_COMMON_BLOCKS = YES;
				GCC_OPTIMIZATION_LEVEL = 0;
				GCC_PREPROCESSOR_DEFINITIONS = (
					"DEBUG=1",
					"$(inherited)",
				);
				GCC_WARN_64_TO_32_BIT_CONVERSION = YES;
				GCC_WARN_ABOUT_RETURN_TYPE = YES_ERROR;
				GCC_WARN_UNDECLARED_SELECTOR = YES;
				GCC_WARN_UNINITIALIZED_AUTOS = YES_AGGRESSIVE;
				GCC_WARN_UNUSED_FUNCTION = YES;
				GCC_WARN_UNUSED_VARIABLE = YES;
				IPHONEOS_DEPLOYMENT_TARGET = 16.2;
				MTL_ENABLE_DEBUG_INFO = INCLUDE_SOURCE;
				MTL_FAST_MATH = YES;
				ONLY_ACTIVE_ARCH = YES;
				SDKROOT = iphoneos;
				SWIFT_ACTIVE_COMPILATION_CONDITIONS = DEBUG;
				SWIFT_OPTIMIZATION_LEVEL = "-Onone";
			};
			name = Debug;
		};
		3C7274FD295AF37E008FD067 /* Release */ = {
			isa = XCBuildConfiguration;
			buildSettings = {
				ALWAYS_SEARCH_USER_PATHS = NO;
				CLANG_ANALYZER_NONNULL = YES;
				CLANG_ANALYZER_NUMBER_OBJECT_CONVERSION = YES_AGGRESSIVE;
				CLANG_CXX_LANGUAGE_STANDARD = "gnu++20";
				CLANG_ENABLE_MODULES = YES;
				CLANG_ENABLE_OBJC_ARC = YES;
				CLANG_ENABLE_OBJC_WEAK = YES;
				CLANG_WARN_BLOCK_CAPTURE_AUTORELEASING = YES;
				CLANG_WARN_BOOL_CONVERSION = YES;
				CLANG_WARN_COMMA = YES;
				CLANG_WARN_CONSTANT_CONVERSION = YES;
				CLANG_WARN_DEPRECATED_OBJC_IMPLEMENTATIONS = YES;
				CLANG_WARN_DIRECT_OBJC_ISA_USAGE = YES_ERROR;
				CLANG_WARN_DOCUMENTATION_COMMENTS = YES;
				CLANG_WARN_EMPTY_BODY = YES;
				CLANG_WARN_ENUM_CONVERSION = YES;
				CLANG_WARN_INFINITE_RECURSION = YES;
				CLANG_WARN_INT_CONVERSION = YES;
				CLANG_WARN_NON_LITERAL_NULL_CONVERSION = YES;
				CLANG_WARN_OBJC_IMPLICIT_RETAIN_SELF = YES;
				CLANG_WARN_OBJC_LITERAL_CONVERSION = YES;
				CLANG_WARN_OBJC_ROOT_CLASS = YES_ERROR;
				CLANG_WARN_QUOTED_INCLUDE_IN_FRAMEWORK_HEADER = YES;
				CLANG_WARN_RANGE_LOOP_ANALYSIS = YES;
				CLANG_WARN_STRICT_PROTOTYPES = YES;
				CLANG_WARN_SUSPICIOUS_MOVE = YES;
				CLANG_WARN_UNGUARDED_AVAILABILITY = YES_AGGRESSIVE;
				CLANG_WARN_UNREACHABLE_CODE = YES;
				CLANG_WARN__DUPLICATE_METHOD_MATCH = YES;
				COPY_PHASE_STRIP = NO;
				DEBUG_INFORMATION_FORMAT = "dwarf-with-dsym";
				ENABLE_NS_ASSERTIONS = NO;
				ENABLE_STRICT_OBJC_MSGSEND = YES;
				GCC_C_LANGUAGE_STANDARD = gnu11;
				GCC_NO_COMMON_BLOCKS = YES;
				GCC_WARN_64_TO_32_BIT_CONVERSION = YES;
				GCC_WARN_ABOUT_RETURN_TYPE = YES_ERROR;
				GCC_WARN_UNDECLARED_SELECTOR = YES;
				GCC_WARN_UNINITIALIZED_AUTOS = YES_AGGRESSIVE;
				GCC_WARN_UNUSED_FUNCTION = YES;
				GCC_WARN_UNUSED_VARIABLE = YES;
				IPHONEOS_DEPLOYMENT_TARGET = 16.2;
				MTL_ENABLE_DEBUG_INFO = NO;
				MTL_FAST_MATH = YES;
				SDKROOT = iphoneos;
				SWIFT_COMPILATION_MODE = wholemodule;
				SWIFT_OPTIMIZATION_LEVEL = "-O";
				VALIDATE_PRODUCT = YES;
			};
			name = Release;
		};
		3C7274FF295AF37E008FD067 /* Debug */ = {
			isa = XCBuildConfiguration;
			buildSettings = {
				ASSETCATALOG_COMPILER_APPICON_NAME = AppIcon;
				ASSETCATALOG_COMPILER_GLOBAL_ACCENT_COLOR_NAME = AccentColor;
				CODE_SIGN_STYLE = Automatic;
				CURRENT_PROJECT_VERSION = 1;
				DEVELOPMENT_TEAM = 86P5DVWLF4;
				GENERATE_INFOPLIST_FILE = YES;
				INFOPLIST_FILE = SportSorts/Info.plist;
				INFOPLIST_KEY_UIApplicationSupportsIndirectInputEvents = YES;
				INFOPLIST_KEY_UILaunchStoryboardName = LaunchScreen;
				INFOPLIST_KEY_UIMainStoryboardFile = Main;
				INFOPLIST_KEY_UISupportedInterfaceOrientations_iPad = "UIInterfaceOrientationPortrait UIInterfaceOrientationPortraitUpsideDown UIInterfaceOrientationLandscapeLeft UIInterfaceOrientationLandscapeRight";
				INFOPLIST_KEY_UISupportedInterfaceOrientations_iPhone = "UIInterfaceOrientationPortrait UIInterfaceOrientationLandscapeLeft UIInterfaceOrientationLandscapeRight";
				LD_RUNPATH_SEARCH_PATHS = (
					"$(inherited)",
					"@executable_path/Frameworks",
				);
				MARKETING_VERSION = 1.0;
				PRODUCT_BUNDLE_IDENTIFIER = "Kalin-Gavrilov.SportSorts";
				PRODUCT_NAME = "$(TARGET_NAME)";
				SWIFT_EMIT_LOC_STRINGS = YES;
				SWIFT_VERSION = 5.0;
				TARGETED_DEVICE_FAMILY = "1,2";
			};
			name = Debug;
		};
		3C727500295AF37E008FD067 /* Release */ = {
			isa = XCBuildConfiguration;
			buildSettings = {
				ASSETCATALOG_COMPILER_APPICON_NAME = AppIcon;
				ASSETCATALOG_COMPILER_GLOBAL_ACCENT_COLOR_NAME = AccentColor;
				CODE_SIGN_STYLE = Automatic;
				CURRENT_PROJECT_VERSION = 1;
				DEVELOPMENT_TEAM = 86P5DVWLF4;
				GENERATE_INFOPLIST_FILE = YES;
				INFOPLIST_FILE = SportSorts/Info.plist;
				INFOPLIST_KEY_UIApplicationSupportsIndirectInputEvents = YES;
				INFOPLIST_KEY_UILaunchStoryboardName = LaunchScreen;
				INFOPLIST_KEY_UIMainStoryboardFile = Main;
				INFOPLIST_KEY_UISupportedInterfaceOrientations_iPad = "UIInterfaceOrientationPortrait UIInterfaceOrientationPortraitUpsideDown UIInterfaceOrientationLandscapeLeft UIInterfaceOrientationLandscapeRight";
				INFOPLIST_KEY_UISupportedInterfaceOrientations_iPhone = "UIInterfaceOrientationPortrait UIInterfaceOrientationLandscapeLeft UIInterfaceOrientationLandscapeRight";
				LD_RUNPATH_SEARCH_PATHS = (
					"$(inherited)",
					"@executable_path/Frameworks",
				);
				MARKETING_VERSION = 1.0;
				PRODUCT_BUNDLE_IDENTIFIER = "Kalin-Gavrilov.SportSorts";
				PRODUCT_NAME = "$(TARGET_NAME)";
				SWIFT_EMIT_LOC_STRINGS = YES;
				SWIFT_VERSION = 5.0;
				TARGETED_DEVICE_FAMILY = "1,2";
			};
			name = Release;
		};
/* End XCBuildConfiguration section */

/* Begin XCConfigurationList section */
		3C7274E5295AF37D008FD067 /* Build configuration list for PBXProject "SportSorts" */ = {
			isa = XCConfigurationList;
			buildConfigurations = (
				3C7274FC295AF37E008FD067 /* Debug */,
				3C7274FD295AF37E008FD067 /* Release */,
			);
			defaultConfigurationIsVisible = 0;
			defaultConfigurationName = Release;
		};
		3C7274FE295AF37E008FD067 /* Build configuration list for PBXNativeTarget "SportSorts" */ = {
			isa = XCConfigurationList;
			buildConfigurations = (
				3C7274FF295AF37E008FD067 /* Debug */,
				3C727500295AF37E008FD067 /* Release */,
			);
			defaultConfigurationIsVisible = 0;
			defaultConfigurationName = Release;
		};
/* End XCConfigurationList section */
	};
	rootObject = 3C7274E2295AF37D008FD067 /* Project object */;
}
